<?xml version="1.0" encoding="utf-8"?>
<Project ToolsVersion="4.0" xmlns="http://schemas.microsoft.com/developer/msbuild/2003">
  <ItemGroup>
    <Filter Include="Source Files">
      <UniqueIdentifier>{4FC737F1-C7A5-4376-A066-2A32D752A2FF}</UniqueIdentifier>
      <Extensions>cpp;c;cc;cxx;def;odl;idl;hpj;bat;asm;asmx</Extensions>
    </Filter>
    <Filter Include="Header Files">
      <UniqueIdentifier>{93995380-89BD-4b04-88EB-625FBE52EBFB}</UniqueIdentifier>
      <Extensions>h;hpp;hxx;hm;inl;inc;xsd</Extensions>
    </Filter>
    <Filter Include="Resource Files">
      <UniqueIdentifier>{67DA6AB6-F800-4c08-8B7A-83BB121AAD01}</UniqueIdentifier>
      <Extensions>rc;ico;cur;bmp;dlg;rc2;rct;bin;rgs;gif;jpg;jpeg;jpe;resx;tiff;tif;png;wav;mfcribbon-ms</Extensions>
    </Filter>
  </ItemGroup>
  <ItemGroup>
    <None Include="ReadMe.txt" />
    <None Include="ClassDiagram1.cd" />
  </ItemGroup>
  <ItemGroup>
    <ClCompile Include="auth\BigNumber.cpp">
      <Filter>Source Files</Filter>
    </ClCompile>
    <ClCompile Include="auth\crc32.cpp">
      <Filter>Source Files</Filter>
    </ClCompile>
    <ClCompile Include="auth\Sha1.cpp">
      <Filter>Source Files</Filter>
    </ClCompile>
    <ClCompile Include="auth\WowCrypt.cpp">
      <Filter>Source Files</Filter>
    </ClCompile>
    <ClCompile Include="config\Config.cpp">
      <Filter>Source Files</Filter>
    </ClCompile>
    <ClCompile Include="database\CreateInterface.cpp">
      <Filter>Source Files</Filter>
    </ClCompile>
    <ClCompile Include="database\Database.cpp">
      <Filter>Source Files</Filter>
    </ClCompile>
    <ClCompile Include="database\MySQLDatabase.cpp">
      <Filter>Source Files</Filter>
    </ClCompile>
    <ClCompile Include="network\CircularBuffer.cpp">
      <Filter>Source Files</Filter>
    </ClCompile>
    <ClCompile Include="network\Socket.cpp">
      <Filter>Source Files</Filter>
    </ClCompile>
    <ClCompile Include="network\SocketFreeBSD.cpp">
      <Filter>Source Files</Filter>
    </ClCompile>
    <ClCompile Include="network\SocketLinux.cpp">
      <Filter>Source Files</Filter>
    </ClCompile>
    <ClCompile Include="network\SocketMgrFreeBSD.cpp">
      <Filter>Source Files</Filter>
    </ClCompile>
    <ClCompile Include="network\SocketMgrLinux.cpp">
      <Filter>Source Files</Filter>
    </ClCompile>
    <ClCompile Include="network\SocketMgrWin32.cpp">
      <Filter>Source Files</Filter>
    </ClCompile>
    <ClCompile Include="network\SocketOpsFreeBSD.cpp">
      <Filter>Source Files</Filter>
    </ClCompile>
    <ClCompile Include="network\SocketOpsLinux.cpp">
      <Filter>Source Files</Filter>
    </ClCompile>
    <ClCompile Include="network\SocketOpsWin32.cpp">
      <Filter>Source Files</Filter>
    </ClCompile>
    <ClCompile Include="network\SocketWin32.cpp">
      <Filter>Source Files</Filter>
    </ClCompile>
    <ClCompile Include="threading\AtomicBoolean.cpp">
      <Filter>Source Files</Filter>
    </ClCompile>
    <ClCompile Include="threading\AtomicCounter.cpp">
      <Filter>Source Files</Filter>
    </ClCompile>
    <ClCompile Include="threading\AtomicFloat.cpp">
      <Filter>Source Files</Filter>
    </ClCompile>
    <ClCompile Include="threading\AtomicULong.cpp">
      <Filter>Source Files</Filter>
    </ClCompile>
    <ClCompile Include="threading\ConditionVariable.cpp">
      <Filter>Source Files</Filter>
    </ClCompile>
    <ClCompile Include="threading\CThreads.cpp">
      <Filter>Source Files</Filter>
    </ClCompile>
    <ClCompile Include="threading\Mutex.cpp">
      <Filter>Source Files</Filter>
    </ClCompile>
    <ClCompile Include="threading\ThreadPool.cpp">
      <Filter>Source Files</Filter>
    </ClCompile>
    <ClCompile Include="util\SysInfo.cpp">
      <Filter>Source Files</Filter>
    </ClCompile>
    <ClCompile Include="util\Util.cpp">
      <Filter>Source Files</Filter>
    </ClCompile>
    <ClCompile Include="log\Log.cpp">
      <Filter>Source Files</Filter>
    </ClCompile>
    <ClCompile Include="util\MersenneTwister.cpp">
      <Filter>Source Files</Filter>
    </ClCompile>
    <ClCompile Include="util\Timer.cpp">
      <Filter>Source Files</Filter>
    </ClCompile>
    <ClCompile Include="Service.cpp">
      <Filter>Source Files</Filter>
    </ClCompile>
    <ClCompile Include="tools\printStackTrace.cpp">
      <Filter>Source Files</Filter>
    </ClCompile>
    <ClCompile Include="tools\StackTrace.cpp">
      <Filter>Source Files</Filter>
    </ClCompile>
    <ClCompile Include="tools\MapFile.cpp">
      <Filter>Source Files</Filter>
    </ClCompile>
    <ClCompile Include="tools\MapFileEntry.cpp">
      <Filter>Source Files</Filter>
    </ClCompile>
    <ClCompile Include="tools\TextFile.cpp">
      <Filter>Source Files</Filter>
    </ClCompile>
    <ClCompile Include="Server.cpp">
      <Filter>Source Files</Filter>
    </ClCompile>
    <ClCompile Include="WorkThread.h">
      <Filter>Source Files</Filter>
    </ClCompile>
  </ItemGroup>
  <ItemGroup>
    <ClInclude Include="auth\BigNumber.h">
      <Filter>Header Files</Filter>
    </ClInclude>
    <ClInclude Include="auth\crc32.h">
      <Filter>Header Files</Filter>
    </ClInclude>
    <ClInclude Include="auth\RC4Engine.h">
      <Filter>Header Files</Filter>
    </ClInclude>
    <ClInclude Include="auth\Sha1.h">
      <Filter>Header Files</Filter>
    </ClInclude>
    <ClInclude Include="auth\WowCrypt.h">
      <Filter>Header Files</Filter>
    </ClInclude>
    <ClInclude Include="config\Config.h">
      <Filter>Header Files</Filter>
    </ClInclude>
    <ClInclude Include="config\ConfigEnv.h">
      <Filter>Header Files</Filter>
    </ClInclude>
    <ClInclude Include="database\Database.h">
      <Filter>Header Files</Filter>
    </ClInclude>
    <ClInclude Include="database\DatabaseEnv.h">
      <Filter>Header Files</Filter>
    </ClInclude>
    <ClInclude Include="database\DataStore.h">
      <Filter>Header Files</Filter>
    </ClInclude>
    <ClInclude Include="database\Field.h">
      <Filter>Header Files</Filter>
    </ClInclude>
    <ClInclude Include="database\MySQLDatabase.h">
      <Filter>Header Files</Filter>
    </ClInclude>
    <ClInclude Include="network\CircularBuffer.h">
      <Filter>Header Files</Filter>
    </ClInclude>
    <ClInclude Include="network\ListenSocketFreeBSD.h">
      <Filter>Header Files</Filter>
    </ClInclude>
    <ClInclude Include="network\ListenSocketLinux.h">
      <Filter>Header Files</Filter>
    </ClInclude>
    <ClInclude Include="network\ListenSocketWin32.h">
      <Filter>Header Files</Filter>
    </ClInclude>
    <ClInclude Include="network\Network.h">
      <Filter>Header Files</Filter>
    </ClInclude>
    <ClInclude Include="network\Socket.h">
      <Filter>Header Files</Filter>
    </ClInclude>
    <ClInclude Include="network\SocketDefines.h">
      <Filter>Header Files</Filter>
    </ClInclude>
    <ClInclude Include="network\SocketMgrFreeBSD.h">
      <Filter>Header Files</Filter>
    </ClInclude>
    <ClInclude Include="network\SocketMgrLinux.h">
      <Filter>Header Files</Filter>
    </ClInclude>
    <ClInclude Include="network\SocketMgrWin32.h">
      <Filter>Header Files</Filter>
    </ClInclude>
    <ClInclude Include="network\SocketOps.h">
      <Filter>Header Files</Filter>
    </ClInclude>
    <ClInclude Include="threading\AtomicBoolean.h">
      <Filter>Header Files</Filter>
    </ClInclude>
    <ClInclude Include="threading\AtomicCounter.h">
      <Filter>Header Files</Filter>
    </ClInclude>
    <ClInclude Include="threading\AtomicFloat.h">
      <Filter>Header Files</Filter>
    </ClInclude>
    <ClInclude Include="threading\AtomicULong.h">
      <Filter>Header Files</Filter>
    </ClInclude>
    <ClInclude Include="threading\ConditionVariable.h">
      <Filter>Header Files</Filter>
    </ClInclude>
    <ClInclude Include="threading\CThreads.h">
      <Filter>Header Files</Filter>
    </ClInclude>
    <ClInclude Include="threading\Guard.h">
      <Filter>Header Files</Filter>
    </ClInclude>
    <ClInclude Include="threading\LockedQueue.h">
      <Filter>Header Files</Filter>
    </ClInclude>
    <ClInclude Include="threading\Mutex.h">
      <Filter>Header Files</Filter>
    </ClInclude>
    <ClInclude Include="threading\Queue.h">
      <Filter>Header Files</Filter>
    </ClInclude>
    <ClInclude Include="threading\RWLock.h">
      <Filter>Header Files</Filter>
    </ClInclude>
    <ClInclude Include="threading\Threading.h">
      <Filter>Header Files</Filter>
    </ClInclude>
    <ClInclude Include="threading\ThreadPool.h">
      <Filter>Header Files</Filter>
    </ClInclude>
    <ClInclude Include="threading\ThreadStarter.h">
      <Filter>Header Files</Filter>
    </ClInclude>
    <ClInclude Include="util\ByteBuffer.h">
      <Filter>Header Files</Filter>
    </ClInclude>
    <ClInclude Include="util\CallBack.h">
      <Filter>Header Files</Filter>
    </ClInclude>
    <ClInclude Include="util\CRefcounter.h">
      <Filter>Header Files</Filter>
    </ClInclude>
    <ClInclude Include="util\FastQueue.h">
      <Filter>Header Files</Filter>
    </ClInclude>
    <ClInclude Include="util\Storage.h">
      <Filter>Header Files</Filter>
    </ClInclude>
    <ClInclude Include="util\SysInfo.hpp">
      <Filter>Header Files</Filter>
    </ClInclude>
    <ClInclude Include="util\Tokenizer.h">
      <Filter>Header Files</Filter>
    </ClInclude>
    <ClInclude Include="util\Util.h">
      <Filter>Header Files</Filter>
    </ClInclude>
    <ClInclude Include="log\Log.h">
      <Filter>Header Files</Filter>
    </ClInclude>
    <ClInclude Include="Common.h">
      <Filter>Header Files</Filter>
    </ClInclude>
    <ClInclude Include="Singleton.h">
      <Filter>Header Files</Filter>
    </ClInclude>
    <ClInclude Include="util\MersenneTwister.h">
      <Filter>Header Files</Filter>
    </ClInclude>
    <ClInclude Include="util\Timer.h">
      <Filter>Header Files</Filter>
    </ClInclude>
    <ClInclude Include="Service.h">
      <Filter>Header Files</Filter>
    </ClInclude>
    <ClInclude Include="lua\lua_class.h">
      <Filter>Header Files</Filter>
    </ClInclude>
    <ClInclude Include="util\NonCopyAble.h">
      <Filter>Header Files</Filter>
    </ClInclude>
    <ClInclude Include="util\SharedPtr.h">
      <Filter>Header Files</Filter>
    </ClInclude>
    <ClInclude Include="threading\RWQueue.h">
      <Filter>Header Files</Filter>
    </ClInclude>
    <ClInclude Include="GlobalDefine.h">
      <Filter>Header Files</Filter>
    </ClInclude>
    <ClInclude Include="Singleton2.h">
      <Filter>Header Files</Filter>
    </ClInclude>
    <ClInclude Include="Error.h">
      <Filter>Header Files</Filter>
    </ClInclude>
    <ClInclude Include="tools\printStackTrace.h">
      <Filter>Header Files</Filter>
    </ClInclude>
    <ClInclude Include="tools\StackTrace.h">
      <Filter>Header Files</Filter>
    </ClInclude>
    <ClInclude Include="tools\MapFile.h">
      <Filter>Header Files</Filter>
    </ClInclude>
    <ClInclude Include="tools\MapFileEntry.h">
      <Filter>Header Files</Filter>
    </ClInclude>
    <ClInclude Include="tools\TextFile.h">
      <Filter>Header Files</Filter>
    </ClInclude>
    <ClInclude Include="util\Array.h">
      <Filter>Header Files</Filter>
    </ClInclude>
    <ClInclude Include="Server.h">
      <Filter>Header Files</Filter>
    </ClInclude>
    <ClInclude Include="CmdMgr.h">
      <Filter>Header Files</Filter>
    </ClInclude>
  </ItemGroup>
</Project>